{
  "schema": 1,
  "repository": "https://github.com/NodePassProject/Nowhere",
  "version": "1.5.2",
  "commit": "1625181d223be9d9b8447d009e6883c0254da37c",
  "protocol_sha256": "7d115889fe5aa9416b56cb8b0886e8a1fc02de188ea8fd8ceb3542a213b2813c",
  "vector_tree_hash_algorithm": "sha256-tree-v1",
  "vector_tree_sha256": "189547d3c37be0b64fbeafe87f2905d50af9845dea5ff8e5eafe69c1387b76f0"
}
